# This file is generated by running "yarn install" inside your project.
# Manual changes might be lost - proceed with caution!

__metadata:
  version: 6
  cacheKey: 8

"@yarnpkg/lockfile@npm:^1.1.0":
  version: 1.1.0
  resolution: "@yarnpkg/lockfile@npm:1.1.0"
  checksum: 05b881b4866a3546861fee756e6d3812776ea47fa6eb7098f983d6d0eefa02e12b66c3fff931574120f196286a7ad4879ce02743c8bb2be36c6a576c7852083a
  languageName: node
  linkType: hard

"call-bind@npm:^1.0.2":
  version: 1.0.2
  resolution: "call-bind@npm:1.0.2"
  dependencies:
    function-bind: ^1.1.1
    get-intrinsic: ^1.0.2
  checksum: f8e31de9d19988a4b80f3e704788c4a2d6b6f3d17cfec4f57dc29ced450c53a49270dc66bf0fbd693329ee948dd33e6c90a329519aef17474a4d961e8d6426b0
  languageName: node
  linkType: hard

"deep-equal@npm:^1.0.1":
  version: 1.1.1
  resolution: "deep-equal@npm:1.1.1"
  dependencies:
    is-arguments: ^1.0.4
    is-date-object: ^1.0.1
    is-regex: ^1.0.4
    object-is: ^1.0.1
    object-keys: ^1.1.1
    regexp.prototype.flags: ^1.2.0
  checksum: f92686f2c5bcdf714a75a5fa7a9e47cb374a8ec9307e717b8d1ce61f56a75aaebf5619c2a12b8087a705b5a2f60d0292c35f8b58cb1f72e3268a3a15cab9f78d
  languageName: node
  linkType: hard

"define-properties@npm:^1.1.3, define-properties@npm:^1.2.0":
  version: 1.2.0
  resolution: "define-properties@npm:1.2.0"
  dependencies:
    has-property-descriptors: ^1.0.0
    object-keys: ^1.1.1
  checksum: e60aee6a19b102df4e2b1f301816804e81ab48bb91f00d0d935f269bf4b3f79c88b39e4f89eaa132890d23267335fd1140dfcd8d5ccd61031a0a2c41a54e33a6
  languageName: node
  linkType: hard

"docopt@npm:^0.6.2":
  version: 0.6.2
  resolution: "docopt@npm:0.6.2"
  checksum: b6640c723c680ff623a06826bdd3c85dd6cc33f589e3d031f486898eb72398334d63f701397813d9233c0e4d17053c0878ec13f21b8a3c323ab4a69bfdc74a77
  languageName: node
  linkType: hard

"function-bind@npm:^1.1.1":
  version: 1.1.1
  resolution: "function-bind@npm:1.1.1"
  checksum: b32fbaebb3f8ec4969f033073b43f5c8befbb58f1a79e12f1d7490358150359ebd92f49e72ff0144f65f2c48ea2a605bff2d07965f548f6474fd8efd95bf361a
  languageName: node
  linkType: hard

"functions-have-names@npm:^1.2.3":
  version: 1.2.3
  resolution: "functions-have-names@npm:1.2.3"
  checksum: c3f1f5ba20f4e962efb71344ce0a40722163e85bee2101ce25f88214e78182d2d2476aa85ef37950c579eb6cf6ee811c17b3101bb84004bb75655f3e33f3fdb5
  languageName: node
  linkType: hard

"get-intrinsic@npm:^1.0.2, get-intrinsic@npm:^1.1.1":
  version: 1.2.1
  resolution: "get-intrinsic@npm:1.2.1"
  dependencies:
    function-bind: ^1.1.1
    has: ^1.0.3
    has-proto: ^1.0.1
    has-symbols: ^1.0.3
  checksum: 5b61d88552c24b0cf6fa2d1b3bc5459d7306f699de060d76442cce49a4721f52b8c560a33ab392cf5575b7810277d54ded9d4d39a1ea61855619ebc005aa7e5f
  languageName: node
  linkType: hard

"github@workspace:.":
  version: 0.0.0-use.local
  resolution: "github@workspace:."
  dependencies:
    isexe: "isaacs/isexe#v3.1.1"
    yarn-plugin-nixify: "github:stephank/yarn-plugin-nixify"
    yarn2nix: "git+https://github.com/nix-community/yarn2nix.git"
  languageName: unknown
  linkType: soft

"has-property-descriptors@npm:^1.0.0":
  version: 1.0.0
  resolution: "has-property-descriptors@npm:1.0.0"
  dependencies:
    get-intrinsic: ^1.1.1
  checksum: a6d3f0a266d0294d972e354782e872e2fe1b6495b321e6ef678c9b7a06a40408a6891817350c62e752adced73a94ac903c54734fee05bf65b1905ee1368194bb
  languageName: node
  linkType: hard

"has-proto@npm:^1.0.1":
  version: 1.0.1
  resolution: "has-proto@npm:1.0.1"
  checksum: febc5b5b531de8022806ad7407935e2135f1cc9e64636c3916c6842bd7995994ca3b29871ecd7954bd35f9e2986c17b3b227880484d22259e2f8e6ce63fd383e
  languageName: node
  linkType: hard

"has-symbols@npm:^1.0.2, has-symbols@npm:^1.0.3":
  version: 1.0.3
  resolution: "has-symbols@npm:1.0.3"
  checksum: a054c40c631c0d5741a8285010a0777ea0c068f99ed43e5d6eb12972da223f8af553a455132fdb0801bdcfa0e0f443c0c03a68d8555aa529b3144b446c3f2410
  languageName: node
  linkType: hard

"has-tostringtag@npm:^1.0.0":
  version: 1.0.0
  resolution: "has-tostringtag@npm:1.0.0"
  dependencies:
    has-symbols: ^1.0.2
  checksum: cc12eb28cb6ae22369ebaad3a8ab0799ed61270991be88f208d508076a1e99abe4198c965935ce85ea90b60c94ddda73693b0920b58e7ead048b4a391b502c1c
  languageName: node
  linkType: hard

"has@npm:^1.0.3":
  version: 1.0.3
  resolution: "has@npm:1.0.3"
  dependencies:
    function-bind: ^1.1.1
  checksum: b9ad53d53be4af90ce5d1c38331e712522417d017d5ef1ebd0507e07c2fbad8686fffb8e12ddecd4c39ca9b9b47431afbb975b8abf7f3c3b82c98e9aad052792
  languageName: node
  linkType: hard

"is-arguments@npm:^1.0.4":
  version: 1.1.1
  resolution: "is-arguments@npm:1.1.1"
  dependencies:
    call-bind: ^1.0.2
    has-tostringtag: ^1.0.0
  checksum: 7f02700ec2171b691ef3e4d0e3e6c0ba408e8434368504bb593d0d7c891c0dbfda6d19d30808b904a6cb1929bca648c061ba438c39f296c2a8ca083229c49f27
  languageName: node
  linkType: hard

"is-date-object@npm:^1.0.1":
  version: 1.0.5
  resolution: "is-date-object@npm:1.0.5"
  dependencies:
    has-tostringtag: ^1.0.0
  checksum: baa9077cdf15eb7b58c79398604ca57379b2fc4cf9aa7a9b9e295278648f628c9b201400c01c5e0f7afae56507d741185730307cbe7cad3b9f90a77e5ee342fc
  languageName: node
  linkType: hard

"is-regex@npm:^1.0.4":
  version: 1.1.4
  resolution: "is-regex@npm:1.1.4"
  dependencies:
    call-bind: ^1.0.2
    has-tostringtag: ^1.0.0
  checksum: 362399b33535bc8f386d96c45c9feb04cf7f8b41c182f54174c1a45c9abbbe5e31290bbad09a458583ff6bf3b2048672cdb1881b13289569a7c548370856a652
  languageName: node
  linkType: hard

"isexe@isaacs/isexe#v3.1.1":
  version: 3.1.1
  resolution: "isexe@https://github.com/isaacs/isexe.git#commit=113d0b5e9161d7082b18c162fe1a0442d034c26e"
  checksum: 7fe1931ee4e88eb5aa524cd3ceb8c882537bc3a81b02e438b240e47012eef49c86904d0f0e593ea7c3a9996d18d0f1f3be8d3eaa92333977b0c3a9d353d5563e
  languageName: node
  linkType: hard

"object-is@npm:^1.0.1":
  version: 1.1.5
  resolution: "object-is@npm:1.1.5"
  dependencies:
    call-bind: ^1.0.2
    define-properties: ^1.1.3
  checksum: 989b18c4cba258a6b74dc1d74a41805c1a1425bce29f6cabb50dcb1a6a651ea9104a1b07046739a49a5bb1bc49727bcb00efd5c55f932f6ea04ec8927a7901fe
  languageName: node
  linkType: hard

"object-keys@npm:^1.1.1":
  version: 1.1.1
  resolution: "object-keys@npm:1.1.1"
  checksum: b363c5e7644b1e1b04aa507e88dcb8e3a2f52b6ffd0ea801e4c7a62d5aa559affe21c55a07fd4b1fd55fc03a33c610d73426664b20032405d7b92a1414c34d6a
  languageName: node
  linkType: hard

"ramda@npm:^0.26.1":
  version: 0.26.1
  resolution: "ramda@npm:0.26.1"
  checksum: 19c2730e44c129538151ae034c89be9b2c6a4ccc7c65cff57497418bc532ce09282f98cd927c39b0b03c6bc3f1d1a12d822b7b07f96a1634f4958a6c05b7b384
  languageName: node
  linkType: hard

"regexp.prototype.flags@npm:^1.2.0":
  version: 1.5.0
  resolution: "regexp.prototype.flags@npm:1.5.0"
  dependencies:
    call-bind: ^1.0.2
    define-properties: ^1.2.0
    functions-have-names: ^1.2.3
  checksum: c541687cdbdfff1b9a07f6e44879f82c66bbf07665f9a7544c5fd16acdb3ec8d1436caab01662d2fbcad403f3499d49ab0b77fbc7ef29ef961d98cc4bc9755b4
  languageName: node
  linkType: hard

"yarn-plugin-nixify@github:stephank/yarn-plugin-nixify":
  version: 0.0.0
  resolution: "yarn-plugin-nixify@https://github.com/stephank/yarn-plugin-nixify.git#commit=8633dd855deaf14dd79775397d1eeffb8f622ba2"
  checksum: 0f12a839582a4605079b932bcf4d61c4e3c2fd7dca96ce3730a92ff9b405687d0302b12301e02692e1a8aec805fdbee091a5fe832d367f3a4948bf6b93035043
  languageName: node
  linkType: hard

"yarn2nix@git+https://github.com/nix-community/yarn2nix.git":
  version: 1.0.0
  resolution: "yarn2nix@https://github.com/nix-community/yarn2nix.git#commit=f2bf06d1bb954f12d095b48277f3a6d780cfc727"
  dependencies:
    "@yarnpkg/lockfile": ^1.1.0
    deep-equal: ^1.0.1
    docopt: ^0.6.2
    ramda: ^0.26.1
  bin:
    yarn2nix: bin/yarn2nix.js
  checksum: d68734a051c5ddf9c241b2100013f5fb714b085eded6463a4591f1e5e77d8559d3150e673e3e60059d7b867c682fe91791ccb0f2becd0591cb8e77ce3c6fba84
  languageName: node
  linkType: hard
