# This file is generated by running "yarn install" inside your project.
# Manual changes might be lost - proceed with caution!

__metadata:
  version: 8
  cacheKey: 10

"@yarnpkg/lockfile@npm:^1.1.0":
  version: 1.1.0
  resolution: "@yarnpkg/lockfile@npm:1.1.0"
  checksum: 10/cd19e1114aaf10a05126aeea8833ef4ca8af8a46e88e12884f8359d19333fd19711036dbc2698dbe937f81f037070cf9a8da45c2e8c6ca19cafd7d15659094ed
  languageName: node
  linkType: hard

"call-bind@npm:^1.0.2":
  version: 1.0.2
  resolution: "call-bind@npm:1.0.2"
  dependencies:
    function-bind: "npm:^1.1.1"
    get-intrinsic: "npm:^1.0.2"
  checksum: 10/ca787179c1cbe09e1697b56ad499fd05dc0ae6febe5081d728176ade699ea6b1589240cb1ff1fe11fcf9f61538c1af60ad37e8eb2ceb4ef21cd6085dfd3ccedd
  languageName: node
  linkType: hard

"deep-equal@npm:^1.0.1":
  version: 1.1.1
  resolution: "deep-equal@npm:1.1.1"
  dependencies:
    is-arguments: "npm:^1.0.4"
    is-date-object: "npm:^1.0.1"
    is-regex: "npm:^1.0.4"
    object-is: "npm:^1.0.1"
    object-keys: "npm:^1.1.1"
    regexp.prototype.flags: "npm:^1.2.0"
  checksum: 10/3212af3e6b406391a9e94ebc18223032615ee8d1be14a2161137a5aac35c474d3471f2ffe8603d7593296f7ecf7341410faf3a1b57a76229a70775518dacfe12
  languageName: node
  linkType: hard

"define-properties@npm:^1.1.3, define-properties@npm:^1.2.0":
  version: 1.2.0
  resolution: "define-properties@npm:1.2.0"
  dependencies:
    has-property-descriptors: "npm:^1.0.0"
    object-keys: "npm:^1.1.1"
  checksum: 10/e60aee6a19b102df4e2b1f301816804e81ab48bb91f00d0d935f269bf4b3f79c88b39e4f89eaa132890d23267335fd1140dfcd8d5ccd61031a0a2c41a54e33a6
  languageName: node
  linkType: hard

"docopt@npm:^0.6.2":
  version: 0.6.2
  resolution: "docopt@npm:0.6.2"
  checksum: 10/c33e5858f57f631678789481db93860b0c66dfa615648f4da40df0403dfaf8ed165cd4035d2de22b92a9338a06f5396f106f97ff22527d85fcba6141318852ed
  languageName: node
  linkType: hard

"function-bind@npm:^1.1.1":
  version: 1.1.1
  resolution: "function-bind@npm:1.1.1"
  checksum: 10/d83f2968030678f0b8c3f2183d63dcd969344eb8b55b4eb826a94ccac6de8b87c95bebffda37a6386c74f152284eb02956ff2c496897f35d32bdc2628ac68ac5
  languageName: node
  linkType: hard

"functions-have-names@npm:^1.2.3":
  version: 1.2.3
  resolution: "functions-have-names@npm:1.2.3"
  checksum: 10/0ddfd3ed1066a55984aaecebf5419fbd9344a5c38dd120ffb0739fac4496758dcf371297440528b115e4367fc46e3abc86a2cc0ff44612181b175ae967a11a05
  languageName: node
  linkType: hard

"get-intrinsic@npm:^1.0.2, get-intrinsic@npm:^1.1.1":
  version: 1.2.1
  resolution: "get-intrinsic@npm:1.2.1"
  dependencies:
    function-bind: "npm:^1.1.1"
    has: "npm:^1.0.3"
    has-proto: "npm:^1.0.1"
    has-symbols: "npm:^1.0.3"
  checksum: 10/aee631852063f8ad0d4a374970694b5c17c2fb5c92bd1929476d7eb8798ce7aebafbf9a34022c05fd1adaa2ce846d5877a627ce1986f81fc65adf3b81824bd54
  languageName: node
  linkType: hard

"github@workspace:.":
  version: 0.0.0-use.local
  resolution: "github@workspace:."
  dependencies:
    isexe: "isaacs/isexe#v3.1.1"
    yarn-plugin-nixify: "github:stephank/yarn-plugin-nixify"
    yarn2nix: "git+https://github.com/nix-community/yarn2nix.git"
  languageName: unknown
  linkType: soft

"has-property-descriptors@npm:^1.0.0":
  version: 1.0.0
  resolution: "has-property-descriptors@npm:1.0.0"
  dependencies:
    get-intrinsic: "npm:^1.1.1"
  checksum: 10/a6d3f0a266d0294d972e354782e872e2fe1b6495b321e6ef678c9b7a06a40408a6891817350c62e752adced73a94ac903c54734fee05bf65b1905ee1368194bb
  languageName: node
  linkType: hard

"has-proto@npm:^1.0.1":
  version: 1.0.1
  resolution: "has-proto@npm:1.0.1"
  checksum: 10/eab2ab0ed1eae6d058b9bbc4c1d99d2751b29717be80d02fd03ead8b62675488de0c7359bc1fdd4b87ef6fd11e796a9631ad4d7452d9324fdada70158c2e5be7
  languageName: node
  linkType: hard

"has-symbols@npm:^1.0.2, has-symbols@npm:^1.0.3":
  version: 1.0.3
  resolution: "has-symbols@npm:1.0.3"
  checksum: 10/464f97a8202a7690dadd026e6d73b1ceeddd60fe6acfd06151106f050303eaa75855aaa94969df8015c11ff7c505f196114d22f7386b4a471038da5874cf5e9b
  languageName: node
  linkType: hard

"has-tostringtag@npm:^1.0.0":
  version: 1.0.0
  resolution: "has-tostringtag@npm:1.0.0"
  dependencies:
    has-symbols: "npm:^1.0.2"
  checksum: 10/95546e7132efc895a9ae64a8a7cf52588601fc3d52e0304ed228f336992cdf0baaba6f3519d2655e560467db35a1ed79f6420c286cc91a13aa0647a31ed92570
  languageName: node
  linkType: hard

"has@npm:^1.0.3":
  version: 1.0.3
  resolution: "has@npm:1.0.3"
  dependencies:
    function-bind: "npm:^1.1.1"
  checksum: 10/a449f3185b1d165026e8d25f6a8c3390bd25c201ff4b8c1aaf948fc6a5fcfd6507310b8c00c13a3325795ea9791fcc3d79d61eafa313b5750438fc19183df57b
  languageName: node
  linkType: hard

"is-arguments@npm:^1.0.4":
  version: 1.1.1
  resolution: "is-arguments@npm:1.1.1"
  dependencies:
    call-bind: "npm:^1.0.2"
    has-tostringtag: "npm:^1.0.0"
  checksum: 10/a170c7e26082e10de9be6e96d32ae3db4d5906194051b792e85fae3393b53cf2cb5b3557863e5c8ccbab55e2fd8f2f75aa643d437613f72052cf0356615c34be
  languageName: node
  linkType: hard

"is-date-object@npm:^1.0.1":
  version: 1.0.5
  resolution: "is-date-object@npm:1.0.5"
  dependencies:
    has-tostringtag: "npm:^1.0.0"
  checksum: 10/cc80b3a4b42238fa0d358b9a6230dae40548b349e64a477cb7c5eff9b176ba194c11f8321daaf6dd157e44073e9b7fd01f87db1f14952a88d5657acdcd3a56e2
  languageName: node
  linkType: hard

"is-regex@npm:^1.0.4":
  version: 1.1.4
  resolution: "is-regex@npm:1.1.4"
  dependencies:
    call-bind: "npm:^1.0.2"
    has-tostringtag: "npm:^1.0.0"
  checksum: 10/36d9174d16d520b489a5e9001d7d8d8624103b387be300c50f860d9414556d0485d74a612fdafc6ebbd5c89213d947dcc6b6bff6b2312093f71ea03cbb19e564
  languageName: node
  linkType: hard

"isexe@isaacs/isexe#v3.1.1":
  version: 3.1.1
  resolution: "isexe@https://github.com/isaacs/isexe.git#commit=113d0b5e9161d7082b18c162fe1a0442d034c26e"
  checksum: 10/7fe1931ee4e88eb5aa524cd3ceb8c882537bc3a81b02e438b240e47012eef49c86904d0f0e593ea7c3a9996d18d0f1f3be8d3eaa92333977b0c3a9d353d5563e
  languageName: node
  linkType: hard

"object-is@npm:^1.0.1":
  version: 1.1.5
  resolution: "object-is@npm:1.1.5"
  dependencies:
    call-bind: "npm:^1.0.2"
    define-properties: "npm:^1.1.3"
  checksum: 10/75365aff5da4bebad5d20efd9f9a7a13597e603f5eb03d89da8f578c3f3937fe01c6cb5fce86c0611c48795c0841401fd37c943821db0de703c7b30a290576ad
  languageName: node
  linkType: hard

"object-keys@npm:^1.1.1":
  version: 1.1.1
  resolution: "object-keys@npm:1.1.1"
  checksum: 10/3d81d02674115973df0b7117628ea4110d56042e5326413e4b4313f0bcdf7dd78d4a3acef2c831463fa3796a66762c49daef306f4a0ea1af44877d7086d73bde
  languageName: node
  linkType: hard

"ramda@npm:^0.26.1":
  version: 0.26.1
  resolution: "ramda@npm:0.26.1"
  checksum: 10/32f99fa901bf54a42f7cef607668921d2553c34fe6ba3ea9776309604a57ea91cce36624de50d9547f82335d814de6ebe1dce83442b8a5ff002a53130be31e43
  languageName: node
  linkType: hard

"regexp.prototype.flags@npm:^1.2.0":
  version: 1.5.0
  resolution: "regexp.prototype.flags@npm:1.5.0"
  dependencies:
    call-bind: "npm:^1.0.2"
    define-properties: "npm:^1.2.0"
    functions-have-names: "npm:^1.2.3"
  checksum: 10/c8229ec3f59f8312248268009cb9bf9145a3982117f747499b994e8efb378ac8b62e812fd88df75225d53cb4879d2bb2fe47b2a50776cba076d8ff71fc0b1629
  languageName: node
  linkType: hard

"yarn-plugin-nixify@github:stephank/yarn-plugin-nixify":
  version: 0.0.0
  resolution: "yarn-plugin-nixify@https://github.com/stephank/yarn-plugin-nixify.git#commit=8633dd855deaf14dd79775397d1eeffb8f622ba2"
  checksum: 10/6e341f18c0c149cc79d7afeb99c237d274f5b89cabeeab0264f818e0189f303f1b2acb80c71ed44d483f58243787bf58cdcae837345c50783695f9fa170f3c14
  languageName: node
  linkType: hard

"yarn2nix@git+https://github.com/nix-community/yarn2nix.git":
  version: 1.0.0
  resolution: "yarn2nix@https://github.com/nix-community/yarn2nix.git#commit=f2bf06d1bb954f12d095b48277f3a6d780cfc727"
  dependencies:
    "@yarnpkg/lockfile": "npm:^1.1.0"
    deep-equal: "npm:^1.0.1"
    docopt: "npm:^0.6.2"
    ramda: "npm:^0.26.1"
  bin:
    yarn2nix: bin/yarn2nix.js
  checksum: 10/d5ad7e86b1b920379c7f5262609f3e6d56eb495c91f922ab1e3dfceda9c573fcb4cb906aeb5815e9578e256495acfa5ad6e3063f1fac1bd998c66cccd2d125d2
  languageName: node
  linkType: hard
