# This file is generated by running "yarn install" inside your project.
# Manual changes might be lost - proceed with caution!

__metadata:
  version: 8
  cacheKey: 10

"@esbuild/android-arm64@npm:0.17.19":
  version: 0.17.19
  resolution: "@esbuild/android-arm64@npm:0.17.19"
  conditions: os=android & cpu=arm64
  languageName: node
  linkType: hard

"@esbuild/android-arm@npm:0.17.19":
  version: 0.17.19
  resolution: "@esbuild/android-arm@npm:0.17.19"
  conditions: os=android & cpu=arm
  languageName: node
  linkType: hard

"@esbuild/android-x64@npm:0.17.19":
  version: 0.17.19
  resolution: "@esbuild/android-x64@npm:0.17.19"
  conditions: os=android & cpu=x64
  languageName: node
  linkType: hard

"@esbuild/darwin-arm64@npm:0.17.19":
  version: 0.17.19
  resolution: "@esbuild/darwin-arm64@npm:0.17.19"
  checksum: 10/9000e615fed53ffbc176e3ad29d281ff947a704f57cd2fb8f1631918a314c83571b6380f0552654a8c1bea6d2c752eaaa6d507b3658dc1b3bf789375e608db93
  conditions: os=darwin & cpu=arm64
  languageName: node
  linkType: hard

"@esbuild/darwin-x64@npm:0.17.19":
  version: 0.17.19
  resolution: "@esbuild/darwin-x64@npm:0.17.19"
  checksum: 10/fbfda616f63264baa80d451926d991f01e07000561498d914b2613822cd8298a266fadc61566671e74f90fa3b9bd3705bbc8ee903e5c5800d05f2d4bfa350e53
  conditions: os=darwin & cpu=x64
  languageName: node
  linkType: hard

"@esbuild/freebsd-arm64@npm:0.17.19":
  version: 0.17.19
  resolution: "@esbuild/freebsd-arm64@npm:0.17.19"
  conditions: os=freebsd & cpu=arm64
  languageName: node
  linkType: hard

"@esbuild/freebsd-x64@npm:0.17.19":
  version: 0.17.19
  resolution: "@esbuild/freebsd-x64@npm:0.17.19"
  conditions: os=freebsd & cpu=x64
  languageName: node
  linkType: hard

"@esbuild/linux-arm64@npm:0.17.19":
  version: 0.17.19
  resolution: "@esbuild/linux-arm64@npm:0.17.19"
  checksum: 10/87bf2e861e6d02745a9733615d1f07436b375f1260f45719965181e81b83f21c292d12cb4b5f1caf08c42b0397d0080d55914c1f7f6d774fefe5ebd8236c3873
  conditions: os=linux & cpu=arm64
  languageName: node
  linkType: hard

"@esbuild/linux-arm@npm:0.17.19":
  version: 0.17.19
  resolution: "@esbuild/linux-arm@npm:0.17.19"
  conditions: os=linux & cpu=arm
  languageName: node
  linkType: hard

"@esbuild/linux-ia32@npm:0.17.19":
  version: 0.17.19
  resolution: "@esbuild/linux-ia32@npm:0.17.19"
  conditions: os=linux & cpu=ia32
  languageName: node
  linkType: hard

"@esbuild/linux-loong64@npm:0.17.19":
  version: 0.17.19
  resolution: "@esbuild/linux-loong64@npm:0.17.19"
  conditions: os=linux & cpu=loong64
  languageName: node
  linkType: hard

"@esbuild/linux-mips64el@npm:0.17.19":
  version: 0.17.19
  resolution: "@esbuild/linux-mips64el@npm:0.17.19"
  conditions: os=linux & cpu=mips64el
  languageName: node
  linkType: hard

"@esbuild/linux-ppc64@npm:0.17.19":
  version: 0.17.19
  resolution: "@esbuild/linux-ppc64@npm:0.17.19"
  conditions: os=linux & cpu=ppc64
  languageName: node
  linkType: hard

"@esbuild/linux-riscv64@npm:0.17.19":
  version: 0.17.19
  resolution: "@esbuild/linux-riscv64@npm:0.17.19"
  conditions: os=linux & cpu=riscv64
  languageName: node
  linkType: hard

"@esbuild/linux-s390x@npm:0.17.19":
  version: 0.17.19
  resolution: "@esbuild/linux-s390x@npm:0.17.19"
  conditions: os=linux & cpu=s390x
  languageName: node
  linkType: hard

"@esbuild/linux-x64@npm:0.17.19":
  version: 0.17.19
  resolution: "@esbuild/linux-x64@npm:0.17.19"
  checksum: 10/17dcadb8604ad43ab56decd502a3cc0ad9fb97cd34d92ccdd0db890fe68fa36cab829db0a0b68bc2641af1a35439f1cddcfaaa53b4202389280c15279ca24461
  conditions: os=linux & cpu=x64
  languageName: node
  linkType: hard

"@esbuild/netbsd-x64@npm:0.17.19":
  version: 0.17.19
  resolution: "@esbuild/netbsd-x64@npm:0.17.19"
  conditions: os=netbsd & cpu=x64
  languageName: node
  linkType: hard

"@esbuild/openbsd-x64@npm:0.17.19":
  version: 0.17.19
  resolution: "@esbuild/openbsd-x64@npm:0.17.19"
  conditions: os=openbsd & cpu=x64
  languageName: node
  linkType: hard

"@esbuild/sunos-x64@npm:0.17.19":
  version: 0.17.19
  resolution: "@esbuild/sunos-x64@npm:0.17.19"
  conditions: os=sunos & cpu=x64
  languageName: node
  linkType: hard

"@esbuild/win32-arm64@npm:0.17.19":
  version: 0.17.19
  resolution: "@esbuild/win32-arm64@npm:0.17.19"
  conditions: os=win32 & cpu=arm64
  languageName: node
  linkType: hard

"@esbuild/win32-ia32@npm:0.17.19":
  version: 0.17.19
  resolution: "@esbuild/win32-ia32@npm:0.17.19"
  conditions: os=win32 & cpu=ia32
  languageName: node
  linkType: hard

"@esbuild/win32-x64@npm:0.17.19":
  version: 0.17.19
  resolution: "@esbuild/win32-x64@npm:0.17.19"
  conditions: os=win32 & cpu=x64
  languageName: node
  linkType: hard

"esbuild@npm:^0.17.19":
  version: 0.17.19
  resolution: "esbuild@npm:0.17.19"
  dependencies:
    "@esbuild/android-arm": "npm:0.17.19"
    "@esbuild/android-arm64": "npm:0.17.19"
    "@esbuild/android-x64": "npm:0.17.19"
    "@esbuild/darwin-arm64": "npm:0.17.19"
    "@esbuild/darwin-x64": "npm:0.17.19"
    "@esbuild/freebsd-arm64": "npm:0.17.19"
    "@esbuild/freebsd-x64": "npm:0.17.19"
    "@esbuild/linux-arm": "npm:0.17.19"
    "@esbuild/linux-arm64": "npm:0.17.19"
    "@esbuild/linux-ia32": "npm:0.17.19"
    "@esbuild/linux-loong64": "npm:0.17.19"
    "@esbuild/linux-mips64el": "npm:0.17.19"
    "@esbuild/linux-ppc64": "npm:0.17.19"
    "@esbuild/linux-riscv64": "npm:0.17.19"
    "@esbuild/linux-s390x": "npm:0.17.19"
    "@esbuild/linux-x64": "npm:0.17.19"
    "@esbuild/netbsd-x64": "npm:0.17.19"
    "@esbuild/openbsd-x64": "npm:0.17.19"
    "@esbuild/sunos-x64": "npm:0.17.19"
    "@esbuild/win32-arm64": "npm:0.17.19"
    "@esbuild/win32-ia32": "npm:0.17.19"
    "@esbuild/win32-x64": "npm:0.17.19"
  dependenciesMeta:
    "@esbuild/android-arm":
      optional: true
    "@esbuild/android-arm64":
      optional: true
    "@esbuild/android-x64":
      optional: true
    "@esbuild/darwin-arm64":
      optional: true
    "@esbuild/darwin-x64":
      optional: true
    "@esbuild/freebsd-arm64":
      optional: true
    "@esbuild/freebsd-x64":
      optional: true
    "@esbuild/linux-arm":
      optional: true
    "@esbuild/linux-arm64":
      optional: true
    "@esbuild/linux-ia32":
      optional: true
    "@esbuild/linux-loong64":
      optional: true
    "@esbuild/linux-mips64el":
      optional: true
    "@esbuild/linux-ppc64":
      optional: true
    "@esbuild/linux-riscv64":
      optional: true
    "@esbuild/linux-s390x":
      optional: true
    "@esbuild/linux-x64":
      optional: true
    "@esbuild/netbsd-x64":
      optional: true
    "@esbuild/openbsd-x64":
      optional: true
    "@esbuild/sunos-x64":
      optional: true
    "@esbuild/win32-arm64":
      optional: true
    "@esbuild/win32-ia32":
      optional: true
    "@esbuild/win32-x64":
      optional: true
  bin:
    esbuild: bin/esbuild
  checksum: 10/86ada7cad6d37a3445858fee31ca39fc6c0436c7c00b2e07b9ce308235be67f36aefe0dda25da9ab08653fde496d1e759d6ad891ce9479f9e1fb4964c8f2a0fa
  languageName: node
  linkType: hard

"esbuild@workspace:.":
  version: 0.0.0-use.local
  resolution: "esbuild@workspace:."
  dependencies:
    esbuild: "npm:^0.17.19"
  languageName: unknown
  linkType: soft
